<?xml version="1.0" encoding="utf-8"?>
<Project ToolsVersion="4.0" xmlns="http://schemas.microsoft.com/developer/msbuild/2003">
  <ItemGroup>
    <ClCompile Include="..\..\trueType\ftgl\FTFont\FTBitmapFont.cpp">
      <Filter>Source</Filter>
    </ClCompile>
    <ClCompile Include="..\..\trueType\ftgl\FTVectoriser.cpp">
      <Filter>Source</Filter>
    </ClCompile>
    <ClCompile Include="..\..\trueType\ftgl\FTGlyph\FTBitmapGlyph.cpp">
      <Filter>Source</Filter>
    </ClCompile>
    <ClCompile Include="..\..\trueType\ftgl\FTBuffer.cpp">
      <Filter>Source</Filter>
    </ClCompile>
    <ClCompile Include="..\..\trueType\ftgl\FTFont\FTBufferFont.cpp">
      <Filter>Source</Filter>
    </ClCompile>
    <ClCompile Include="..\..\trueType\ftgl\FTGlyph\FTBufferGlyph.cpp">
      <Filter>Source</Filter>
    </ClCompile>
    <ClCompile Include="..\..\trueType\ftgl\FTCharmap.cpp">
      <Filter>Source</Filter>
    </ClCompile>
    <ClCompile Include="..\..\trueType\ftgl\FTContour.cpp">
      <Filter>Source</Filter>
    </ClCompile>
    <ClCompile Include="..\..\trueType\ftgl\FTFont\FTExtrudeFont.cpp">
      <Filter>Source</Filter>
    </ClCompile>
    <ClCompile Include="..\..\trueType\ftgl\FTGlyph\FTExtrudeGlyph.cpp">
      <Filter>Source</Filter>
    </ClCompile>
    <ClCompile Include="..\..\trueType\ftgl\FTFace.cpp">
      <Filter>Source</Filter>
    </ClCompile>
    <ClCompile Include="..\..\trueType\ftgl\FTFont\FTFont.cpp">
      <Filter>Source</Filter>
    </ClCompile>
    <ClCompile Include="..\..\trueType\ftgl\FTFont\FTFontGlue.cpp">
      <Filter>Source</Filter>
    </ClCompile>
    <ClCompile Include="..\..\trueType\ftgl\FTGlyph\FTGlyph.cpp">
      <Filter>Source</Filter>
    </ClCompile>
    <ClCompile Include="..\..\trueType\ftgl\FTGlyphContainer.cpp">
      <Filter>Source</Filter>
    </ClCompile>
    <ClCompile Include="..\..\trueType\ftgl\FTGlyph\FTGlyphGlue.cpp">
      <Filter>Source</Filter>
    </ClCompile>
    <ClCompile Include="..\..\trueType\ftgl\FTLayout\FTLayout.cpp">
      <Filter>Source</Filter>
    </ClCompile>
    <ClCompile Include="..\..\trueType\ftgl\FTLayout\FTLayoutGlue.cpp">
      <Filter>Source</Filter>
    </ClCompile>
    <ClCompile Include="..\..\trueType\ftgl\FTLibrary.cpp">
      <Filter>Source</Filter>
    </ClCompile>
    <ClCompile Include="..\..\trueType\ftgl\FTFont\FTOutlineFont.cpp">
      <Filter>Source</Filter>
    </ClCompile>
    <ClCompile Include="..\..\trueType\ftgl\FTGlyph\FTOutlineGlyph.cpp">
      <Filter>Source</Filter>
    </ClCompile>
    <ClCompile Include="..\..\trueType\ftgl\FTFont\FTPixmapFont.cpp">
      <Filter>Source</Filter>
    </ClCompile>
    <ClCompile Include="..\..\trueType\ftgl\FTGlyph\FTPixmapGlyph.cpp">
      <Filter>Source</Filter>
    </ClCompile>
    <ClCompile Include="..\..\trueType\ftgl\FTPoint.cpp">
      <Filter>Source</Filter>
    </ClCompile>
    <ClCompile Include="..\..\trueType\ftgl\FTFont\FTPolygonFont.cpp">
      <Filter>Source</Filter>
    </ClCompile>
    <ClCompile Include="..\..\trueType\ftgl\FTGlyph\FTPolygonGlyph.cpp">
      <Filter>Source</Filter>
    </ClCompile>
    <ClCompile Include="..\..\trueType\ftgl\FTLayout\FTSimpleLayout.cpp">
      <Filter>Source</Filter>
    </ClCompile>
    <ClCompile Include="..\..\trueType\ftgl\FTSize.cpp">
      <Filter>Source</Filter>
    </ClCompile>
    <ClCompile Include="..\..\trueType\ftgl\FTFont\FTTextureFont.cpp">
      <Filter>Source</Filter>
    </ClCompile>
    <ClCompile Include="..\..\trueType\ftgl\FTGlyph\FTTextureGlyph.cpp">
      <Filter>Source</Filter>
    </ClCompile>
  </ItemGroup>
  <ItemGroup>
    <ClInclude Include="..\..\trueType\ftgl\config.h">
      <Filter>Headers</Filter>
    </ClInclude>
    <ClInclude Include="..\..\trueType\ftgl\FTGL\FTBBox.h">
      <Filter>Headers</Filter>
    </ClInclude>
    <ClInclude Include="..\..\trueType\ftgl\FTFont\FTBitmapFontImpl.h">
      <Filter>Headers</Filter>
    </ClInclude>
    <ClInclude Include="..\..\trueType\ftgl\FTGL\FTBitmapGlyph.h">
      <Filter>Headers</Filter>
    </ClInclude>
    <ClInclude Include="..\..\trueType\ftgl\FTGlyph\FTBitmapGlyphImpl.h">
      <Filter>Headers</Filter>
    </ClInclude>
    <ClInclude Include="..\..\trueType\ftgl\FTGL\FTBuffer.h">
      <Filter>Headers</Filter>
    </ClInclude>
    <ClInclude Include="..\..\trueType\ftgl\FTGL\FTBufferFont.h">
      <Filter>Headers</Filter>
    </ClInclude>
    <ClInclude Include="..\..\trueType\ftgl\FTFont\FTBufferFontImpl.h">
      <Filter>Headers</Filter>
    </ClInclude>
    <ClInclude Include="..\..\trueType\ftgl\FTGL\FTBufferGlyph.h">
      <Filter>Headers</Filter>
    </ClInclude>
    <ClInclude Include="..\..\trueType\ftgl\FTGlyph\FTBufferGlyphImpl.h">
      <Filter>Headers</Filter>
    </ClInclude>
    <ClInclude Include="..\..\trueType\ftgl\FTCharmap.h">
      <Filter>Headers</Filter>
    </ClInclude>
    <ClInclude Include="..\..\trueType\ftgl\FTCharToGlyphIndexMap.h">
      <Filter>Headers</Filter>
    </ClInclude>
    <ClInclude Include="..\..\trueType\ftgl\FTContour.h">
      <Filter>Headers</Filter>
    </ClInclude>
    <ClInclude Include="..\..\trueType\ftgl\FTGL\FTExtrdGlyph.h">
      <Filter>Headers</Filter>
    </ClInclude>
    <ClInclude Include="..\..\trueType\ftgl\FTFont\FTExtrudeFontImpl.h">
      <Filter>Headers</Filter>
    </ClInclude>
    <ClInclude Include="..\..\trueType\ftgl\FTGlyph\FTExtrudeGlyphImpl.h">
      <Filter>Headers</Filter>
    </ClInclude>
    <ClInclude Include="..\..\trueType\ftgl\FTFace.h">
      <Filter>Headers</Filter>
    </ClInclude>
    <ClInclude Include="..\..\trueType\ftgl\FTGL\FTFont.h">
      <Filter>Headers</Filter>
    </ClInclude>
    <ClInclude Include="..\..\trueType\ftgl\FTFont\FTFontImpl.h">
      <Filter>Headers</Filter>
    </ClInclude>
    <ClInclude Include="..\..\trueType\ftgl\FTGL\ftgl.h">
      <Filter>Headers</Filter>
    </ClInclude>
    <ClInclude Include="..\..\trueType\ftgl\FTGL\FTGLBitmapFont.h">
      <Filter>Headers</Filter>
    </ClInclude>
    <ClInclude Include="..\..\trueType\ftgl\FTGL\FTGLExtrdFont.h">
      <Filter>Headers</Filter>
    </ClInclude>
    <ClInclude Include="..\..\trueType\ftgl\FTGL\FTGLOutlineFont.h">
      <Filter>Headers</Filter>
    </ClInclude>
    <ClInclude Include="..\..\trueType\ftgl\FTGL\FTGLPixmapFont.h">
      <Filter>Headers</Filter>
    </ClInclude>
    <ClInclude Include="..\..\trueType\ftgl\FTGL\FTGLPolygonFont.h">
      <Filter>Headers</Filter>
    </ClInclude>
    <ClInclude Include="..\..\trueType\ftgl\FTGL\FTGLTextureFont.h">
      <Filter>Headers</Filter>
    </ClInclude>
    <ClInclude Include="..\..\trueType\ftgl\FTGL\FTGlyph.h">
      <Filter>Headers</Filter>
    </ClInclude>
    <ClInclude Include="..\..\trueType\ftgl\FTGlyphContainer.h">
      <Filter>Headers</Filter>
    </ClInclude>
    <ClInclude Include="..\..\trueType\ftgl\FTGlyph\FTGlyphImpl.h">
      <Filter>Headers</Filter>
    </ClInclude>
    <ClInclude Include="..\..\trueType\ftgl\FTInternals.h">
      <Filter>Headers</Filter>
    </ClInclude>
    <ClInclude Include="..\..\trueType\ftgl\FTGL\FTLayout.h">
      <Filter>Headers</Filter>
    </ClInclude>
    <ClInclude Include="..\..\trueType\ftgl\FTLayout\FTLayoutImpl.h">
      <Filter>Headers</Filter>
    </ClInclude>
    <ClInclude Include="..\..\trueType\ftgl\FTLibrary.h">
      <Filter>Headers</Filter>
    </ClInclude>
    <ClInclude Include="..\..\trueType\ftgl\FTList.h">
      <Filter>Headers</Filter>
    </ClInclude>
    <ClInclude Include="..\..\trueType\ftgl\FTFont\FTOutlineFontImpl.h">
      <Filter>Headers</Filter>
    </ClInclude>
    <ClInclude Include="..\..\trueType\ftgl\FTGL\FTOutlineGlyph.h">
      <Filter>Headers</Filter>
    </ClInclude>
    <ClInclude Include="..\..\trueType\ftgl\FTGlyph\FTOutlineGlyphImpl.h">
      <Filter>Headers</Filter>
    </ClInclude>
    <ClInclude Include="..\..\trueType\ftgl\FTFont\FTPixmapFontImpl.h">
      <Filter>Headers</Filter>
    </ClInclude>
    <ClInclude Include="..\..\trueType\ftgl\FTGL\FTPixmapGlyph.h">
      <Filter>Headers</Filter>
    </ClInclude>
    <ClInclude Include="..\..\trueType\ftgl\FTGlyph\FTPixmapGlyphImpl.h">
      <Filter>Headers</Filter>
    </ClInclude>
    <ClInclude Include="..\..\trueType\ftgl\FTGL\FTPoint.h">
      <Filter>Headers</Filter>
    </ClInclude>
    <ClInclude Include="..\..\trueType\ftgl\FTGL\FTPolyGlyph.h">
      <Filter>Headers</Filter>
    </ClInclude>
    <ClInclude Include="..\..\trueType\ftgl\FTFont\FTPolygonFontImpl.h">
      <Filter>Headers</Filter>
    </ClInclude>
    <ClInclude Include="..\..\trueType\ftgl\FTGlyph\FTPolygonGlyphImpl.h">
      <Filter>Headers</Filter>
    </ClInclude>
    <ClInclude Include="..\..\trueType\ftgl\FTGL\FTSimpleLayout.h">
      <Filter>Headers</Filter>
    </ClInclude>
    <ClInclude Include="..\..\trueType\ftgl\FTLayout\FTSimpleLayoutImpl.h">
      <Filter>Headers</Filter>
    </ClInclude>
    <ClInclude Include="..\..\trueType\ftgl\FTSize.h">
      <Filter>Headers</Filter>
    </ClInclude>
    <ClInclude Include="..\..\trueType\ftgl\FTFont\FTTextureFontImpl.h">
      <Filter>Headers</Filter>
    </ClInclude>
    <ClInclude Include="..\..\trueType\ftgl\FTGL\FTTextureGlyph.h">
      <Filter>Headers</Filter>
    </ClInclude>
    <ClInclude Include="..\..\trueType\ftgl\FTGlyph\FTTextureGlyphImpl.h">
      <Filter>Headers</Filter>
    </ClInclude>
    <ClInclude Include="..\..\trueType\ftgl\FTUnicode.h">
      <Filter>Headers</Filter>
    </ClInclude>
    <ClInclude Include="..\..\trueType\ftgl\FTVector.h">
      <Filter>Headers</Filter>
    </ClInclude>
    <ClInclude Include="..\..\trueType\ftgl\FTVectoriser.h">
      <Filter>Headers</Filter>
    </ClInclude>
  </ItemGroup>
  <ItemGroup>
    <Filter Include="Headers">
      <UniqueIdentifier>{6127e64a-6489-4971-88bb-34f4753d154e}</UniqueIdentifier>
    </Filter>
    <Filter Include="Source">
      <UniqueIdentifier>{aa1ce46f-619d-496b-9bf4-678dc4bc7665}</UniqueIdentifier>
    </Filter>
  </ItemGroup>
</Project>